// !$*UTF8*$!
{
	archiveVersion = 1;
	classes = {
	};
	objectVersion = 56;
	objects = {

/* Begin PBXBuildFile section */
		72070FB12C14389C00DEB707 /* AppDelegate.swift in Sources */ = {isa = PBXBuildFile; fileRef = 72070FB02C14389C00DEB707 /* AppDelegate.swift */; };
		72070FB32C14389C00DEB707 /* SceneDelegate.swift in Sources */ = {isa = PBXBuildFile; fileRef = 72070FB22C14389C00DEB707 /* SceneDelegate.swift */; };
		72070FBA2C14389D00DEB707 /* Assets.xcassets in Resources */ = {isa = PBXBuildFile; fileRef = 72070FB92C14389D00DEB707 /* Assets.xcassets */; };
		72070FBD2C14389D00DEB707 /* Base in Resources */ = {isa = PBXBuildFile; fileRef = 72070FBC2C14389D00DEB707 /* Base */; };
		72070FC52C143BC600DEB707 /* FirstViewController.swift in Sources */ = {isa = PBXBuildFile; fileRef = 72070FC42C143BC600DEB707 /* FirstViewController.swift */; };
		72070FC92C143C8600DEB707 /* SnapKit in Frameworks */ = {isa = PBXBuildFile; productRef = 72070FC82C143C8600DEB707 /* SnapKit */; };
		72070FCC2C143E4A00DEB707 /* ReuseIdentifierProtocol.swift in Sources */ = {isa = PBXBuildFile; fileRef = 72070FCB2C143E4A00DEB707 /* ReuseIdentifierProtocol.swift */; };
		72070FCF2C143EA900DEB707 /* FirstCollectionViewCell.swift in Sources */ = {isa = PBXBuildFile; fileRef = 72070FCE2C143EA900DEB707 /* FirstCollectionViewCell.swift */; };
		72070FD12C14456500DEB707 /* FirstTableViewCell.swift in Sources */ = {isa = PBXBuildFile; fileRef = 72070FD02C14456500DEB707 /* FirstTableViewCell.swift */; };
		72070FD42C146F7A00DEB707 /* UILabel+Extension.swift in Sources */ = {isa = PBXBuildFile; fileRef = 72070FD32C146F7A00DEB707 /* UILabel+Extension.swift */; };
		72070FD62C146FDE00DEB707 /* UIImageView+Extension.swift in Sources */ = {isa = PBXBuildFile; fileRef = 72070FD52C146FDE00DEB707 /* UIImageView+Extension.swift */; };
		72070FD82C1470C600DEB707 /* UIView+Extension.swift in Sources */ = {isa = PBXBuildFile; fileRef = 72070FD72C1470C600DEB707 /* UIView+Extension.swift */; };
		72070FDA2C15790000DEB707 /* PopUpViewController.swift in Sources */ = {isa = PBXBuildFile; fileRef = 72070FD92C15790000DEB707 /* PopUpViewController.swift */; };
		72070FDC2C157C3D00DEB707 /* SelectPushViewProtocol.swift in Sources */ = {isa = PBXBuildFile; fileRef = 72070FDB2C157C3D00DEB707 /* SelectPushViewProtocol.swift */; };
		72070FDE2C1589A500DEB707 /* UIButton+Extension.swift in Sources */ = {isa = PBXBuildFile; fileRef = 72070FDD2C1589A500DEB707 /* UIButton+Extension.swift */; };
		72070FE02C15964900DEB707 /* MainViewController.swift in Sources */ = {isa = PBXBuildFile; fileRef = 72070FDF2C15964900DEB707 /* MainViewController.swift */; };
		7207105B2C19E19C00DEB707 /* SettingViewController.swift in Sources */ = {isa = PBXBuildFile; fileRef = 7207105A2C19E19C00DEB707 /* SettingViewController.swift */; };
		7207105D2C19E23C00DEB707 /* SettingTableViewCell.swift in Sources */ = {isa = PBXBuildFile; fileRef = 7207105C2C19E23C00DEB707 /* SettingTableViewCell.swift */; };
		7207105F2C19ECF500DEB707 /* Setting.swift in Sources */ = {isa = PBXBuildFile; fileRef = 7207105E2C19ECF500DEB707 /* Setting.swift */; };
		720710622C19F08B00DEB707 /* NicknameViewController.swift in Sources */ = {isa = PBXBuildFile; fileRef = 720710612C19F08B00DEB707 /* NicknameViewController.swift */; };
/* End PBXBuildFile section */

/* Begin PBXFileReference section */
		72070FAD2C14389C00DEB707 /* Tamagotchi.app */ = {isa = PBXFileReference; explicitFileType = wrapper.application; includeInIndex = 0; path = Tamagotchi.app; sourceTree = BUILT_PRODUCTS_DIR; };
		72070FB02C14389C00DEB707 /* AppDelegate.swift */ = {isa = PBXFileReference; lastKnownFileType = sourcecode.swift; path = AppDelegate.swift; sourceTree = "<group>"; };
		72070FB22C14389C00DEB707 /* SceneDelegate.swift */ = {isa = PBXFileReference; lastKnownFileType = sourcecode.swift; path = SceneDelegate.swift; sourceTree = "<group>"; };
		72070FB92C14389D00DEB707 /* Assets.xcassets */ = {isa = PBXFileReference; lastKnownFileType = folder.assetcatalog; path = Assets.xcassets; sourceTree = "<group>"; };
		72070FBC2C14389D00DEB707 /* Base */ = {isa = PBXFileReference; lastKnownFileType = file.storyboard; name = Base; path = Base.lproj/LaunchScreen.storyboard; sourceTree = "<group>"; };
		72070FBE2C14389D00DEB707 /* Info.plist */ = {isa = PBXFileReference; lastKnownFileType = text.plist.xml; path = Info.plist; sourceTree = "<group>"; };
		72070FC42C143BC600DEB707 /* FirstViewController.swift */ = {isa = PBXFileReference; lastKnownFileType = sourcecode.swift; path = FirstViewController.swift; sourceTree = "<group>"; };
		72070FCB2C143E4A00DEB707 /* ReuseIdentifierProtocol.swift */ = {isa = PBXFileReference; lastKnownFileType = sourcecode.swift; path = ReuseIdentifierProtocol.swift; sourceTree = "<group>"; };
		72070FCE2C143EA900DEB707 /* FirstCollectionViewCell.swift */ = {isa = PBXFileReference; lastKnownFileType = sourcecode.swift; path = FirstCollectionViewCell.swift; sourceTree = "<group>"; };
		72070FD02C14456500DEB707 /* FirstTableViewCell.swift */ = {isa = PBXFileReference; lastKnownFileType = sourcecode.swift; path = FirstTableViewCell.swift; sourceTree = "<group>"; };
		72070FD32C146F7A00DEB707 /* UILabel+Extension.swift */ = {isa = PBXFileReference; lastKnownFileType = sourcecode.swift; path = "UILabel+Extension.swift"; sourceTree = "<group>"; };
		72070FD52C146FDE00DEB707 /* UIImageView+Extension.swift */ = {isa = PBXFileReference; lastKnownFileType = sourcecode.swift; path = "UIImageView+Extension.swift"; sourceTree = "<group>"; };
		72070FD72C1470C600DEB707 /* UIView+Extension.swift */ = {isa = PBXFileReference; lastKnownFileType = sourcecode.swift; path = "UIView+Extension.swift"; sourceTree = "<group>"; };
		72070FD92C15790000DEB707 /* PopUpViewController.swift */ = {isa = PBXFileReference; lastKnownFileType = sourcecode.swift; path = PopUpViewController.swift; sourceTree = "<group>"; };
		72070FDB2C157C3D00DEB707 /* SelectPushViewProtocol.swift */ = {isa = PBXFileReference; lastKnownFileType = sourcecode.swift; path = SelectPushViewProtocol.swift; sourceTree = "<group>"; };
		72070FDD2C1589A500DEB707 /* UIButton+Extension.swift */ = {isa = PBXFileReference; lastKnownFileType = sourcecode.swift; path = "UIButton+Extension.swift"; sourceTree = "<group>"; };
		72070FDF2C15964900DEB707 /* MainViewController.swift */ = {isa = PBXFileReference; lastKnownFileType = sourcecode.swift; path = MainViewController.swift; sourceTree = "<group>"; };
		7207105A2C19E19C00DEB707 /* SettingViewController.swift */ = {isa = PBXFileReference; lastKnownFileType = sourcecode.swift; path = SettingViewController.swift; sourceTree = "<group>"; };
		7207105C2C19E23C00DEB707 /* SettingTableViewCell.swift */ = {isa = PBXFileReference; lastKnownFileType = sourcecode.swift; path = SettingTableViewCell.swift; sourceTree = "<group>"; };
		7207105E2C19ECF500DEB707 /* Setting.swift */ = {isa = PBXFileReference; lastKnownFileType = sourcecode.swift; path = Setting.swift; sourceTree = "<group>"; };
		720710612C19F08B00DEB707 /* NicknameViewController.swift */ = {isa = PBXFileReference; lastKnownFileType = sourcecode.swift; path = NicknameViewController.swift; sourceTree = "<group>"; };
/* End PBXFileReference section */

/* Begin PBXFrameworksBuildPhase section */
		72070FAA2C14389C00DEB707 /* Frameworks */ = {
			isa = PBXFrameworksBuildPhase;
			buildActionMask = 2147483647;
			files = (
				72070FC92C143C8600DEB707 /* SnapKit in Frameworks */,
			);
			runOnlyForDeploymentPostprocessing = 0;
		};
/* End PBXFrameworksBuildPhase section */

/* Begin PBXGroup section */
		72070FA42C14389C00DEB707 = {
			isa = PBXGroup;
			children = (
				72070FAF2C14389C00DEB707 /* Tamagotchi */,
				72070FAE2C14389C00DEB707 /* Products */,
			);
			sourceTree = "<group>";
		};
		72070FAE2C14389C00DEB707 /* Products */ = {
			isa = PBXGroup;
			children = (
				72070FAD2C14389C00DEB707 /* Tamagotchi.app */,
			);
			name = Products;
			sourceTree = "<group>";
		};
		72070FAF2C14389C00DEB707 /* Tamagotchi */ = {
			isa = PBXGroup;
			children = (
				720710602C19ECFE00DEB707 /* Data */,
				72070FD22C146F6000DEB707 /* Extension */,
				72070FCA2C143E2500DEB707 /* Protocol */,
				72070FCD2C143E6100DEB707 /* Cell */,
				72070FC62C143BD300DEB707 /* ViewController */,
				72070FB02C14389C00DEB707 /* AppDelegate.swift */,
				72070FB22C14389C00DEB707 /* SceneDelegate.swift */,
				72070FB92C14389D00DEB707 /* Assets.xcassets */,
				72070FBB2C14389D00DEB707 /* LaunchScreen.storyboard */,
				72070FBE2C14389D00DEB707 /* Info.plist */,
			);
			path = Tamagotchi;
			sourceTree = "<group>";
		};
		72070FC62C143BD300DEB707 /* ViewController */ = {
			isa = PBXGroup;
			children = (
				72070FC42C143BC600DEB707 /* FirstViewController.swift */,
				72070FD92C15790000DEB707 /* PopUpViewController.swift */,
				72070FDF2C15964900DEB707 /* MainViewController.swift */,
				7207105A2C19E19C00DEB707 /* SettingViewController.swift */,
				720710612C19F08B00DEB707 /* NicknameViewController.swift */,
			);
			path = ViewController;
			sourceTree = "<group>";
		};
		72070FCA2C143E2500DEB707 /* Protocol */ = {
			isa = PBXGroup;
			children = (
				72070FCB2C143E4A00DEB707 /* ReuseIdentifierProtocol.swift */,
				72070FDB2C157C3D00DEB707 /* SelectPushViewProtocol.swift */,
			);
			path = Protocol;
			sourceTree = "<group>";
		};
		72070FCD2C143E6100DEB707 /* Cell */ = {
			isa = PBXGroup;
			children = (
				72070FD02C14456500DEB707 /* FirstTableViewCell.swift */,
				72070FCE2C143EA900DEB707 /* FirstCollectionViewCell.swift */,
				7207105C2C19E23C00DEB707 /* SettingTableViewCell.swift */,
			);
			path = Cell;
			sourceTree = "<group>";
		};
		72070FD22C146F6000DEB707 /* Extension */ = {
			isa = PBXGroup;
			children = (
				72070FD32C146F7A00DEB707 /* UILabel+Extension.swift */,
				72070FD52C146FDE00DEB707 /* UIImageView+Extension.swift */,
				72070FD72C1470C600DEB707 /* UIView+Extension.swift */,
				72070FDD2C1589A500DEB707 /* UIButton+Extension.swift */,
			);
			path = Extension;
			sourceTree = "<group>";
		};
		720710602C19ECFE00DEB707 /* Data */ = {
			isa = PBXGroup;
			children = (
				7207105E2C19ECF500DEB707 /* Setting.swift */,
			);
			path = Data;
			sourceTree = "<group>";
		};
/* End PBXGroup section */

/* Begin PBXNativeTarget section */
		72070FAC2C14389C00DEB707 /* Tamagotchi */ = {
			isa = PBXNativeTarget;
			buildConfigurationList = 72070FC12C14389D00DEB707 /* Build configuration list for PBXNativeTarget "Tamagotchi" */;
			buildPhases = (
				72070FA92C14389C00DEB707 /* Sources */,
				72070FAA2C14389C00DEB707 /* Frameworks */,
				72070FAB2C14389C00DEB707 /* Resources */,
			);
			buildRules = (
			);
			dependencies = (
			);
			name = Tamagotchi;
			packageProductDependencies = (
				72070FC82C143C8600DEB707 /* SnapKit */,
			);
			productName = Tamagotchi;
			productReference = 72070FAD2C14389C00DEB707 /* Tamagotchi.app */;
			productType = "com.apple.product-type.application";
		};
/* End PBXNativeTarget section */

/* Begin PBXProject section */
		72070FA52C14389C00DEB707 /* Project object */ = {
			isa = PBXProject;
			attributes = {
				BuildIndependentTargetsInParallel = 1;
				LastSwiftUpdateCheck = 1530;
				LastUpgradeCheck = 1530;
				TargetAttributes = {
					72070FAC2C14389C00DEB707 = {
						CreatedOnToolsVersion = 15.3;
					};
				};
			};
			buildConfigurationList = 72070FA82C14389C00DEB707 /* Build configuration list for PBXProject "Tamagotchi" */;
			compatibilityVersion = "Xcode 14.0";
			developmentRegion = en;
			hasScannedForEncodings = 0;
			knownRegions = (
				en,
				Base,
			);
			mainGroup = 72070FA42C14389C00DEB707;
			packageReferences = (
				72070FC72C143C8600DEB707 /* XCRemoteSwiftPackageReference "SnapKit" */,
			);
			productRefGroup = 72070FAE2C14389C00DEB707 /* Products */;
			projectDirPath = "";
			projectRoot = "";
			targets = (
				72070FAC2C14389C00DEB707 /* Tamagotchi */,
			);
		};
/* End PBXProject section */

/* Begin PBXResourcesBuildPhase section */
		72070FAB2C14389C00DEB707 /* Resources */ = {
			isa = PBXResourcesBuildPhase;
			buildActionMask = 2147483647;
			files = (
				72070FBA2C14389D00DEB707 /* Assets.xcassets in Resources */,
				72070FBD2C14389D00DEB707 /* Base in Resources */,
			);
			runOnlyForDeploymentPostprocessing = 0;
		};
/* End PBXResourcesBuildPhase section */

/* Begin PBXSourcesBuildPhase section */
		72070FA92C14389C00DEB707 /* Sources */ = {
			isa = PBXSourcesBuildPhase;
			buildActionMask = 2147483647;
			files = (
				72070FC52C143BC600DEB707 /* FirstViewController.swift in Sources */,
				72070FE02C15964900DEB707 /* MainViewController.swift in Sources */,
				72070FCC2C143E4A00DEB707 /* ReuseIdentifierProtocol.swift in Sources */,
				72070FD62C146FDE00DEB707 /* UIImageView+Extension.swift in Sources */,
				720710622C19F08B00DEB707 /* NicknameViewController.swift in Sources */,
				72070FD82C1470C600DEB707 /* UIView+Extension.swift in Sources */,
				7207105B2C19E19C00DEB707 /* SettingViewController.swift in Sources */,
				7207105F2C19ECF500DEB707 /* Setting.swift in Sources */,
				7207105D2C19E23C00DEB707 /* SettingTableViewCell.swift in Sources */,
				72070FB12C14389C00DEB707 /* AppDelegate.swift in Sources */,
				72070FDE2C1589A500DEB707 /* UIButton+Extension.swift in Sources */,
				72070FDA2C15790000DEB707 /* PopUpViewController.swift in Sources */,
				72070FD42C146F7A00DEB707 /* UILabel+Extension.swift in Sources */,
				72070FDC2C157C3D00DEB707 /* SelectPushViewProtocol.swift in Sources */,
				72070FB32C14389C00DEB707 /* SceneDelegate.swift in Sources */,
				72070FD12C14456500DEB707 /* FirstTableViewCell.swift in Sources */,
				72070FCF2C143EA900DEB707 /* FirstCollectionViewCell.swift in Sources */,
			);
			runOnlyForDeploymentPostprocessing = 0;
		};
/* End PBXSourcesBuildPhase section */

/* Begin PBXVariantGroup section */
		72070FBB2C14389D00DEB707 /* LaunchScreen.storyboard */ = {
			isa = PBXVariantGroup;
			children = (
				72070FBC2C14389D00DEB707 /* Base */,
			);
			name = LaunchScreen.storyboard;
			sourceTree = "<group>";
		};
/* End PBXVariantGroup section */

/* Begin XCBuildConfiguration section */
		72070FBF2C14389D00DEB707 /* Debug */ = {
			isa = XCBuildConfiguration;
			buildSettings = {
				ALWAYS_SEARCH_USER_PATHS = NO;
				ASSETCATALOG_COMPILER_GENERATE_SWIFT_ASSET_SYMBOL_EXTENSIONS = YES;
				CLANG_ANALYZER_NONNULL = YES;
				CLANG_ANALYZER_NUMBER_OBJECT_CONVERSION = YES_AGGRESSIVE;
				CLANG_CXX_LANGUAGE_STANDARD = "gnu++20";
				CLANG_ENABLE_MODULES = YES;
				CLANG_ENABLE_OBJC_ARC = YES;
				CLANG_ENABLE_OBJC_WEAK = YES;
				CLANG_WARN_BLOCK_CAPTURE_AUTORELEASING = YES;
				CLANG_WARN_BOOL_CONVERSION = YES;
				CLANG_WARN_COMMA = YES;
				CLANG_WARN_CONSTANT_CONVERSION = YES;
				CLANG_WARN_DEPRECATED_OBJC_IMPLEMENTATIONS = YES;
				CLANG_WARN_DIRECT_OBJC_ISA_USAGE = YES_ERROR;
				CLANG_WARN_DOCUMENTATION_COMMENTS = YES;
				CLANG_WARN_EMPTY_BODY = YES;
				CLANG_WARN_ENUM_CONVERSION = YES;
				CLANG_WARN_INFINITE_RECURSION = YES;
				CLANG_WARN_INT_CONVERSION = YES;
				CLANG_WARN_NON_LITERAL_NULL_CONVERSION = YES;
				CLANG_WARN_OBJC_IMPLICIT_RETAIN_SELF = YES;
				CLANG_WARN_OBJC_LITERAL_CONVERSION = YES;
				CLANG_WARN_OBJC_ROOT_CLASS = YES_ERROR;
				CLANG_WARN_QUOTED_INCLUDE_IN_FRAMEWORK_HEADER = YES;
				CLANG_WARN_RANGE_LOOP_ANALYSIS = YES;
				CLANG_WARN_STRICT_PROTOTYPES = YES;
				CLANG_WARN_SUSPICIOUS_MOVE = YES;
				CLANG_WARN_UNGUARDED_AVAILABILITY = YES_AGGRESSIVE;
				CLANG_WARN_UNREACHABLE_CODE = YES;
				CLANG_WARN__DUPLICATE_METHOD_MATCH = YES;
				COPY_PHASE_STRIP = NO;
				DEBUG_INFORMATION_FORMAT = dwarf;
				ENABLE_STRICT_OBJC_MSGSEND = YES;
				ENABLE_TESTABILITY = YES;
				ENABLE_USER_SCRIPT_SANDBOXING = YES;
				GCC_C_LANGUAGE_STANDARD = gnu17;
				GCC_DYNAMIC_NO_PIC = NO;
				GCC_NO_COMMON_BLOCKS = YES;
				GCC_OPTIMIZATION_LEVEL = 0;
				GCC_PREPROCESSOR_DEFINITIONS = (
					"DEBUG=1",
					"$(inherited)",
				);
				GCC_WARN_64_TO_32_BIT_CONVERSION = YES;
				GCC_WARN_ABOUT_RETURN_TYPE = YES_ERROR;
				GCC_WARN_UNDECLARED_SELECTOR = YES;
				GCC_WARN_UNINITIALIZED_AUTOS = YES_AGGRESSIVE;
				GCC_WARN_UNUSED_FUNCTION = YES;
				GCC_WARN_UNUSED_VARIABLE = YES;
				IPHONEOS_DEPLOYMENT_TARGET = 17.4;
				LOCALIZATION_PREFERS_STRING_CATALOGS = YES;
				MTL_ENABLE_DEBUG_INFO = INCLUDE_SOURCE;
				MTL_FAST_MATH = YES;
				ONLY_ACTIVE_ARCH = YES;
				SDKROOT = iphoneos;
				SWIFT_ACTIVE_COMPILATION_CONDITIONS = "DEBUG $(inherited)";
				SWIFT_OPTIMIZATION_LEVEL = "-Onone";
			};
			name = Debug;
		};
		72070FC02C14389D00DEB707 /* Release */ = {
			isa = XCBuildConfiguration;
			buildSettings = {
				ALWAYS_SEARCH_USER_PATHS = NO;
				ASSETCATALOG_COMPILER_GENERATE_SWIFT_ASSET_SYMBOL_EXTENSIONS = YES;
				CLANG_ANALYZER_NONNULL = YES;
				CLANG_ANALYZER_NUMBER_OBJECT_CONVERSION = YES_AGGRESSIVE;
				CLANG_CXX_LANGUAGE_STANDARD = "gnu++20";
				CLANG_ENABLE_MODULES = YES;
				CLANG_ENABLE_OBJC_ARC = YES;
				CLANG_ENABLE_OBJC_WEAK = YES;
				CLANG_WARN_BLOCK_CAPTURE_AUTORELEASING = YES;
				CLANG_WARN_BOOL_CONVERSION = YES;
				CLANG_WARN_COMMA = YES;
				CLANG_WARN_CONSTANT_CONVERSION = YES;
				CLANG_WARN_DEPRECATED_OBJC_IMPLEMENTATIONS = YES;
				CLANG_WARN_DIRECT_OBJC_ISA_USAGE = YES_ERROR;
				CLANG_WARN_DOCUMENTATION_COMMENTS = YES;
				CLANG_WARN_EMPTY_BODY = YES;
				CLANG_WARN_ENUM_CONVERSION = YES;
				CLANG_WARN_INFINITE_RECURSION = YES;
				CLANG_WARN_INT_CONVERSION = YES;
				CLANG_WARN_NON_LITERAL_NULL_CONVERSION = YES;
				CLANG_WARN_OBJC_IMPLICIT_RETAIN_SELF = YES;
				CLANG_WARN_OBJC_LITERAL_CONVERSION = YES;
				CLANG_WARN_OBJC_ROOT_CLASS = YES_ERROR;
				CLANG_WARN_QUOTED_INCLUDE_IN_FRAMEWORK_HEADER = YES;
				CLANG_WARN_RANGE_LOOP_ANALYSIS = YES;
				CLANG_WARN_STRICT_PROTOTYPES = YES;
				CLANG_WARN_SUSPICIOUS_MOVE = YES;
				CLANG_WARN_UNGUARDED_AVAILABILITY = YES_AGGRESSIVE;
				CLANG_WARN_UNREACHABLE_CODE = YES;
				CLANG_WARN__DUPLICATE_METHOD_MATCH = YES;
				COPY_PHASE_STRIP = NO;
				DEBUG_INFORMATION_FORMAT = "dwarf-with-dsym";
				ENABLE_NS_ASSERTIONS = NO;
				ENABLE_STRICT_OBJC_MSGSEND = YES;
				ENABLE_USER_SCRIPT_SANDBOXING = YES;
				GCC_C_LANGUAGE_STANDARD = gnu17;
				GCC_NO_COMMON_BLOCKS = YES;
				GCC_WARN_64_TO_32_BIT_CONVERSION = YES;
				GCC_WARN_ABOUT_RETURN_TYPE = YES_ERROR;
				GCC_WARN_UNDECLARED_SELECTOR = YES;
				GCC_WARN_UNINITIALIZED_AUTOS = YES_AGGRESSIVE;
				GCC_WARN_UNUSED_FUNCTION = YES;
				GCC_WARN_UNUSED_VARIABLE = YES;
				IPHONEOS_DEPLOYMENT_TARGET = 17.4;
				LOCALIZATION_PREFERS_STRING_CATALOGS = YES;
				MTL_ENABLE_DEBUG_INFO = NO;
				MTL_FAST_MATH = YES;
				SDKROOT = iphoneos;
				SWIFT_COMPILATION_MODE = wholemodule;
				VALIDATE_PRODUCT = YES;
			};
			name = Release;
		};
		72070FC22C14389D00DEB707 /* Debug */ = {
			isa = XCBuildConfiguration;
			buildSettings = {
				ASSETCATALOG_COMPILER_APPICON_NAME = AppIcon;
				ASSETCATALOG_COMPILER_GLOBAL_ACCENT_COLOR_NAME = AccentColor;
				CODE_SIGN_STYLE = Automatic;
				CURRENT_PROJECT_VERSION = 1;
				DEVELOPMENT_TEAM = QQN262X7KM;
				GENERATE_INFOPLIST_FILE = YES;
				INFOPLIST_FILE = Tamagotchi/Info.plist;
				INFOPLIST_KEY_UIApplicationSupportsIndirectInputEvents = YES;
				INFOPLIST_KEY_UILaunchStoryboardName = LaunchScreen;
				INFOPLIST_KEY_UISupportedInterfaceOrientations = UIInterfaceOrientationPortrait;
				INFOPLIST_KEY_UISupportedInterfaceOrientations_iPad = "UIInterfaceOrientationLandscapeLeft UIInterfaceOrientationLandscapeRight UIInterfaceOrientationPortrait UIInterfaceOrientationPortraitUpsideDown";
				IPHONEOS_DEPLOYMENT_TARGET = 15.0;
				LD_RUNPATH_SEARCH_PATHS = (
					"$(inherited)",
					"@executable_path/Frameworks",
				);
				MARKETING_VERSION = 1.0;
				PRODUCT_BUNDLE_IDENTIFIER = com.Jun.Tamagotchi;
				PRODUCT_NAME = "$(TARGET_NAME)";
				SUPPORTED_PLATFORMS = "iphoneos iphonesimulator";
				SUPPORTS_MACCATALYST = NO;
				SUPPORTS_MAC_DESIGNED_FOR_IPHONE_IPAD = NO;
				SUPPORTS_XR_DESIGNED_FOR_IPHONE_IPAD = NO;
				SWIFT_EMIT_LOC_STRINGS = YES;
				SWIFT_VERSION = 5.0;
				TARGETED_DEVICE_FAMILY = 1;
			};
			name = Debug;
		};
		72070FC32C14389D00DEB707 /* Release */ = {
			isa = XCBuildConfiguration;
			buildSettings = {
				ASSETCATALOG_COMPILER_APPICON_NAME = AppIcon;
				ASSETCATALOG_COMPILER_GLOBAL_ACCENT_COLOR_NAME = AccentColor;
				CODE_SIGN_STYLE = Automatic;
				CURRENT_PROJECT_VERSION = 1;
				DEVELOPMENT_TEAM = QQN262X7KM;
				GENERATE_INFOPLIST_FILE = YES;
				INFOPLIST_FILE = Tamagotchi/Info.plist;
				INFOPLIST_KEY_UIApplicationSupportsIndirectInputEvents = YES;
				INFOPLIST_KEY_UILaunchStoryboardName = LaunchScreen;
				INFOPLIST_KEY_UISupportedInterfaceOrientations = UIInterfaceOrientationPortrait;
				INFOPLIST_KEY_UISupportedInterfaceOrientations_iPad = "UIInterfaceOrientationLandscapeLeft UIInterfaceOrientationLandscapeRight UIInterfaceOrientationPortrait UIInterfaceOrientationPortraitUpsideDown";
				IPHONEOS_DEPLOYMENT_TARGET = 15.0;
				LD_RUNPATH_SEARCH_PATHS = (
					"$(inherited)",
					"@executable_path/Frameworks",
				);
				MARKETING_VERSION = 1.0;
				PRODUCT_BUNDLE_IDENTIFIER = com.Jun.Tamagotchi;
				PRODUCT_NAME = "$(TARGET_NAME)";
				SUPPORTED_PLATFORMS = "iphoneos iphonesimulator";
				SUPPORTS_MACCATALYST = NO;
				SUPPORTS_MAC_DESIGNED_FOR_IPHONE_IPAD = NO;
				SUPPORTS_XR_DESIGNED_FOR_IPHONE_IPAD = NO;
				SWIFT_EMIT_LOC_STRINGS = YES;
				SWIFT_VERSION = 5.0;
				TARGETED_DEVICE_FAMILY = 1;
			};
			name = Release;
		};
/* End XCBuildConfiguration section */

/* Begin XCConfigurationList section */
		72070FA82C14389C00DEB707 /* Build configuration list for PBXProject "Tamagotchi" */ = {
			isa = XCConfigurationList;
			buildConfigurations = (
				72070FBF2C14389D00DEB707 /* Debug */,
				72070FC02C14389D00DEB707 /* Release */,
			);
			defaultConfigurationIsVisible = 0;
			defaultConfigurationName = Release;
		};
		72070FC12C14389D00DEB707 /* Build configuration list for PBXNativeTarget "Tamagotchi" */ = {
			isa = XCConfigurationList;
			buildConfigurations = (
				72070FC22C14389D00DEB707 /* Debug */,
				72070FC32C14389D00DEB707 /* Release */,
			);
			defaultConfigurationIsVisible = 0;
			defaultConfigurationName = Release;
		};
/* End XCConfigurationList section */

/* Begin XCRemoteSwiftPackageReference section */
		72070FC72C143C8600DEB707 /* XCRemoteSwiftPackageReference "SnapKit" */ = {
			isa = XCRemoteSwiftPackageReference;
			repositoryURL = "https://github.com/SnapKit/SnapKit.git";
			requirement = {
				kind = upToNextMajorVersion;
				minimumVersion = 5.7.1;
			};
		};
/* End XCRemoteSwiftPackageReference section */

/* Begin XCSwiftPackageProductDependency section */
		72070FC82C143C8600DEB707 /* SnapKit */ = {
			isa = XCSwiftPackageProductDependency;
			package = 72070FC72C143C8600DEB707 /* XCRemoteSwiftPackageReference "SnapKit" */;
			productName = SnapKit;
		};
/* End XCSwiftPackageProductDependency section */
	};
	rootObject = 72070FA52C14389C00DEB707 /* Project object */;
}
